PODS:
  - Alamofire (4.7.2)
  - Apollo (0.8.0):
    - Apollo/Core (= 0.8.0)
  - Apollo/Core (0.8.0)
  - Charts (3.1.1):
    - Charts/Core (= 3.1.1)
  - Charts/Core (3.1.1)
  - IQKeyboardManagerSwift (6.0.3)
  - Locksmith (4.0.0)
  - Realm (3.5.0):
    - Realm/Headers (= 3.5.0)
  - Realm/Headers (3.5.0)
  - RealmSwift (3.5.0):
    - Realm (= 3.5.0)
  - SkyFloatingLabelTextField (3.4.1)
  - SwiftValidator (4.0.0)
  - SwiftyJSON (4.1.0)

DEPENDENCIES:
  - Alamofire (~> 4.7)
  - Apollo
  - Charts
  - IQKeyboardManagerSwift
  - Locksmith
  - RealmSwift
  - SkyFloatingLabelTextField (~> 3.4.1)
  - SwiftValidator (from `https://github.com/jpotts18/SwiftValidator.git`, branch `master`)
  - SwiftyJSON

SPEC REPOS:
  https://github.com/cocoapods/specs.git:
    - Alamofire
    - Apollo
    - Charts
    - IQKeyboardManagerSwift
    - Locksmith
    - Realm
    - RealmSwift
    - SkyFloatingLabelTextField
    - SwiftyJSON

EXTERNAL SOURCES:
  SwiftValidator:
    :branch: master
    :git: https://github.com/jpotts18/SwiftValidator.git

CHECKOUT OPTIONS:
  SwiftValidator:
    :commit: ba27b0e501bf542b5c1a97bed8f706d12fb2d4f4
    :git: https://github.com/jpotts18/SwiftValidator.git

SPEC CHECKSUMS:
  Alamofire: e4fa87002c137ba2d8d634d2c51fabcda0d5c223
  Apollo: 66e0f52289551545adb7ecdd994e713fdbae26eb
  Charts: 90a4d61da0f6e06684c591e3bcab11940fe61736
  IQKeyboardManagerSwift: 04e8679f85e496bb2c474eeb9284052f1b3c391c
  Locksmith: e9bebbaaa4cee3c511bc358a44f843c3fe00e21f
  Realm: 0378021c424e4e2bd6a0e63b27881e929d9b9ad1
  RealmSwift: 3322562622fda2ad596985ead4d8d8be30cf838c
  SkyFloatingLabelTextField: 8085f20f57f74a00cfcae58099299faa1a971035
  SwiftValidator: 25ded5ca1f10c05adf57f6ac82a72d28ac8d91af
  SwiftyJSON: c29297daf073d2aa016295d5809cdd68045c39b3

PODFILE CHECKSUM: cb0779376932a3375a041c6a3eab4e41355bb4ee

COCOAPODS: 1.5.2
