// !$*UTF8*$!
{
	archiveVersion = 1;
	classes = {
	};
	objectVersion = 50;
	objects = {

/* Begin PBXBuildFile section */
		910A806520D28ED200A63C9F /* WalletTransactionCell.swift in Sources */ = {isa = PBXBuildFile; fileRef = 910A806420D28ED200A63C9F /* WalletTransactionCell.swift */; };
		910A806720D2A6AB00A63C9F /* WalletLanding.graphql in Resources */ = {isa = PBXBuildFile; fileRef = 910A806620D2A6AB00A63C9F /* WalletLanding.graphql */; };
		910C393120D14F2F00CC3DE7 /* WalletViewController.swift in Sources */ = {isa = PBXBuildFile; fileRef = 910C393020D14F2F00CC3DE7 /* WalletViewController.swift */; };
		910C393620D1512400CC3DE7 /* WalletPagerCell.swift in Sources */ = {isa = PBXBuildFile; fileRef = 910C393520D1512400CC3DE7 /* WalletPagerCell.swift */; };
		910C393820D1515700CC3DE7 /* WalletPagerCell.xib in Resources */ = {isa = PBXBuildFile; fileRef = 910C393720D1515700CC3DE7 /* WalletPagerCell.xib */; };
		91165F5820B5665C007F622D /* APIManager.swift in Sources */ = {isa = PBXBuildFile; fileRef = 91165F5720B5665C007F622D /* APIManager.swift */; };
		91165F5A20B566B9007F622D /* APIConstants.swift in Sources */ = {isa = PBXBuildFile; fileRef = 91165F5920B566B9007F622D /* APIConstants.swift */; };
		91165F5E20B56929007F622D /* User.swift in Sources */ = {isa = PBXBuildFile; fileRef = 91165F5D20B56929007F622D /* User.swift */; };
		91165F6020B56CDE007F622D /* Utilities.swift in Sources */ = {isa = PBXBuildFile; fileRef = 91165F5F20B56CDE007F622D /* Utilities.swift */; };
		91165F6220B572FB007F622D /* StringConstants.swift in Sources */ = {isa = PBXBuildFile; fileRef = 91165F6120B572FB007F622D /* StringConstants.swift */; };
		91165F6420B83EAB007F622D /* Landing.storyboard in Resources */ = {isa = PBXBuildFile; fileRef = 91165F6320B83EAB007F622D /* Landing.storyboard */; };
		9127E11F20B433EC00CCC255 /* SignInViewController.swift in Sources */ = {isa = PBXBuildFile; fileRef = 9127E11E20B433EC00CCC255 /* SignInViewController.swift */; };
		9127E12220B439E100CCC255 /* Extensions.swift in Sources */ = {isa = PBXBuildFile; fileRef = 9127E12120B439E100CCC255 /* Extensions.swift */; };
		9127E12420B43EC100CCC255 /* BCTextField.swift in Sources */ = {isa = PBXBuildFile; fileRef = 9127E12320B43EC100CCC255 /* BCTextField.swift */; };
		915385E120BD648200F1488C /* OverviewViewController.swift in Sources */ = {isa = PBXBuildFile; fileRef = 915385E020BD648200F1488C /* OverviewViewController.swift */; };
		915385E520BEDEDF00F1488C /* schema.json in Resources */ = {isa = PBXBuildFile; fileRef = 915385E420BEDEDF00F1488C /* schema.json */; };
		915CB64220B5B4CB0040C631 /* VerifyViewController.swift in Sources */ = {isa = PBXBuildFile; fileRef = 915CB64120B5B4CB0040C631 /* VerifyViewController.swift */; };
		915CB64420B5C7630040C631 /* BCError.swift in Sources */ = {isa = PBXBuildFile; fileRef = 915CB64320B5C7630040C631 /* BCError.swift */; };
		91A089CC20BEECAE0077892D /* Dashboard.graphql in Resources */ = {isa = PBXBuildFile; fileRef = 91A089CB20BEECAE0077892D /* Dashboard.graphql */; };
		91AE11B420B3D6EB00C0A878 /* AppDelegate.swift in Sources */ = {isa = PBXBuildFile; fileRef = 91AE11B320B3D6EB00C0A878 /* AppDelegate.swift */; };
		91AE11B620B3D6EB00C0A878 /* SignUpViewController.swift in Sources */ = {isa = PBXBuildFile; fileRef = 91AE11B520B3D6EB00C0A878 /* SignUpViewController.swift */; };
		91AE11B920B3D6EB00C0A878 /* Main.storyboard in Resources */ = {isa = PBXBuildFile; fileRef = 91AE11B720B3D6EB00C0A878 /* Main.storyboard */; };
		91AE11BB20B3D6EB00C0A878 /* Assets.xcassets in Resources */ = {isa = PBXBuildFile; fileRef = 91AE11BA20B3D6EB00C0A878 /* Assets.xcassets */; };
		91AE11BE20B3D6EB00C0A878 /* LaunchScreen.storyboard in Resources */ = {isa = PBXBuildFile; fileRef = 91AE11BC20B3D6EB00C0A878 /* LaunchScreen.storyboard */; };
		91AE11CA20B3E22200C0A878 /* Graphik-Regular.ttf in Resources */ = {isa = PBXBuildFile; fileRef = 91AE11C620B3E22200C0A878 /* Graphik-Regular.ttf */; };
		91AE11CB20B3E22200C0A878 /* Graphik-Medium.ttf in Resources */ = {isa = PBXBuildFile; fileRef = 91AE11C720B3E22200C0A878 /* Graphik-Medium.ttf */; };
		91AE11CC20B3E22200C0A878 /* Graphik-Bold.ttf in Resources */ = {isa = PBXBuildFile; fileRef = 91AE11C820B3E22200C0A878 /* Graphik-Bold.ttf */; };
		91AE11CD20B3E22200C0A878 /* Graphik-Light.ttf in Resources */ = {isa = PBXBuildFile; fileRef = 91AE11C920B3E22200C0A878 /* Graphik-Light.ttf */; };
		91C5B4FC20C1B9F900B97F32 /* API.swift in Sources */ = {isa = PBXBuildFile; fileRef = 91C5B4FB20C1B9F900B97F32 /* API.swift */; };
		F6738049BA0B29968A9F92FB /* Pods_BuyCoins.framework in Frameworks */ = {isa = PBXBuildFile; fileRef = 432524BB77D5DA2FA7C4C523 /* Pods_BuyCoins.framework */; };
/* End PBXBuildFile section */

/* Begin PBXFileReference section */
		432524BB77D5DA2FA7C4C523 /* Pods_BuyCoins.framework */ = {isa = PBXFileReference; explicitFileType = wrapper.framework; includeInIndex = 0; path = Pods_BuyCoins.framework; sourceTree = BUILT_PRODUCTS_DIR; };
		910A806420D28ED200A63C9F /* WalletTransactionCell.swift */ = {isa = PBXFileReference; lastKnownFileType = sourcecode.swift; path = WalletTransactionCell.swift; sourceTree = "<group>"; };
		910A806620D2A6AB00A63C9F /* WalletLanding.graphql */ = {isa = PBXFileReference; lastKnownFileType = text; path = WalletLanding.graphql; sourceTree = "<group>"; };
		910C393020D14F2F00CC3DE7 /* WalletViewController.swift */ = {isa = PBXFileReference; lastKnownFileType = sourcecode.swift; path = WalletViewController.swift; sourceTree = "<group>"; };
		910C393520D1512400CC3DE7 /* WalletPagerCell.swift */ = {isa = PBXFileReference; lastKnownFileType = sourcecode.swift; path = WalletPagerCell.swift; sourceTree = "<group>"; };
		910C393720D1515700CC3DE7 /* WalletPagerCell.xib */ = {isa = PBXFileReference; lastKnownFileType = file.xib; path = WalletPagerCell.xib; sourceTree = "<group>"; };
		91165F5720B5665C007F622D /* APIManager.swift */ = {isa = PBXFileReference; lastKnownFileType = sourcecode.swift; path = APIManager.swift; sourceTree = "<group>"; };
		91165F5920B566B9007F622D /* APIConstants.swift */ = {isa = PBXFileReference; lastKnownFileType = sourcecode.swift; path = APIConstants.swift; sourceTree = "<group>"; };
		91165F5D20B56929007F622D /* User.swift */ = {isa = PBXFileReference; lastKnownFileType = sourcecode.swift; path = User.swift; sourceTree = "<group>"; };
		91165F5F20B56CDE007F622D /* Utilities.swift */ = {isa = PBXFileReference; lastKnownFileType = sourcecode.swift; path = Utilities.swift; sourceTree = "<group>"; };
		91165F6120B572FB007F622D /* StringConstants.swift */ = {isa = PBXFileReference; lastKnownFileType = sourcecode.swift; path = StringConstants.swift; sourceTree = "<group>"; };
		91165F6320B83EAB007F622D /* Landing.storyboard */ = {isa = PBXFileReference; lastKnownFileType = file.storyboard; path = Landing.storyboard; sourceTree = "<group>"; };
		9127E11E20B433EC00CCC255 /* SignInViewController.swift */ = {isa = PBXFileReference; lastKnownFileType = sourcecode.swift; path = SignInViewController.swift; sourceTree = "<group>"; };
		9127E12120B439E100CCC255 /* Extensions.swift */ = {isa = PBXFileReference; lastKnownFileType = sourcecode.swift; path = Extensions.swift; sourceTree = "<group>"; };
		9127E12320B43EC100CCC255 /* BCTextField.swift */ = {isa = PBXFileReference; lastKnownFileType = sourcecode.swift; path = BCTextField.swift; sourceTree = "<group>"; };
		915385E020BD648200F1488C /* OverviewViewController.swift */ = {isa = PBXFileReference; lastKnownFileType = sourcecode.swift; path = OverviewViewController.swift; sourceTree = "<group>"; };
		915385E420BEDEDF00F1488C /* schema.json */ = {isa = PBXFileReference; fileEncoding = 4; lastKnownFileType = text.json; path = schema.json; sourceTree = "<group>"; };
		915CB64120B5B4CB0040C631 /* VerifyViewController.swift */ = {isa = PBXFileReference; lastKnownFileType = sourcecode.swift; path = VerifyViewController.swift; sourceTree = "<group>"; };
		915CB64320B5C7630040C631 /* BCError.swift */ = {isa = PBXFileReference; lastKnownFileType = sourcecode.swift; path = BCError.swift; sourceTree = "<group>"; };
		91A089CB20BEECAE0077892D /* Dashboard.graphql */ = {isa = PBXFileReference; lastKnownFileType = text; path = Dashboard.graphql; sourceTree = "<group>"; };
		91AE11B020B3D6EB00C0A878 /* BuyCoins.app */ = {isa = PBXFileReference; explicitFileType = wrapper.application; includeInIndex = 0; path = BuyCoins.app; sourceTree = BUILT_PRODUCTS_DIR; };
		91AE11B320B3D6EB00C0A878 /* AppDelegate.swift */ = {isa = PBXFileReference; lastKnownFileType = sourcecode.swift; path = AppDelegate.swift; sourceTree = "<group>"; };
		91AE11B520B3D6EB00C0A878 /* SignUpViewController.swift */ = {isa = PBXFileReference; lastKnownFileType = sourcecode.swift; path = SignUpViewController.swift; sourceTree = "<group>"; };
		91AE11B820B3D6EB00C0A878 /* Base */ = {isa = PBXFileReference; lastKnownFileType = file.storyboard; name = Base; path = Base.lproj/Main.storyboard; sourceTree = "<group>"; };
		91AE11BA20B3D6EB00C0A878 /* Assets.xcassets */ = {isa = PBXFileReference; lastKnownFileType = folder.assetcatalog; path = Assets.xcassets; sourceTree = "<group>"; };
		91AE11BD20B3D6EB00C0A878 /* Base */ = {isa = PBXFileReference; lastKnownFileType = file.storyboard; name = Base; path = Base.lproj/LaunchScreen.storyboard; sourceTree = "<group>"; };
		91AE11BF20B3D6EB00C0A878 /* Info.plist */ = {isa = PBXFileReference; lastKnownFileType = text.plist.xml; path = Info.plist; sourceTree = "<group>"; };
		91AE11C620B3E22200C0A878 /* Graphik-Regular.ttf */ = {isa = PBXFileReference; lastKnownFileType = file; path = "Graphik-Regular.ttf"; sourceTree = "<group>"; };
		91AE11C720B3E22200C0A878 /* Graphik-Medium.ttf */ = {isa = PBXFileReference; lastKnownFileType = file; path = "Graphik-Medium.ttf"; sourceTree = "<group>"; };
		91AE11C820B3E22200C0A878 /* Graphik-Bold.ttf */ = {isa = PBXFileReference; lastKnownFileType = file; path = "Graphik-Bold.ttf"; sourceTree = "<group>"; };
		91AE11C920B3E22200C0A878 /* Graphik-Light.ttf */ = {isa = PBXFileReference; lastKnownFileType = file; path = "Graphik-Light.ttf"; sourceTree = "<group>"; };
		91C5B4FB20C1B9F900B97F32 /* API.swift */ = {isa = PBXFileReference; fileEncoding = 4; lastKnownFileType = sourcecode.swift; path = API.swift; sourceTree = "<group>"; };
		9394A79757EECDBF4249DE2F /* Pods-BuyCoins.release.xcconfig */ = {isa = PBXFileReference; includeInIndex = 1; lastKnownFileType = text.xcconfig; name = "Pods-BuyCoins.release.xcconfig"; path = "Pods/Target Support Files/Pods-BuyCoins/Pods-BuyCoins.release.xcconfig"; sourceTree = "<group>"; };
		D0578187E3BBE2DE89A5BA27 /* Pods-BuyCoins.debug.xcconfig */ = {isa = PBXFileReference; includeInIndex = 1; lastKnownFileType = text.xcconfig; name = "Pods-BuyCoins.debug.xcconfig"; path = "Pods/Target Support Files/Pods-BuyCoins/Pods-BuyCoins.debug.xcconfig"; sourceTree = "<group>"; };
/* End PBXFileReference section */

/* Begin PBXFrameworksBuildPhase section */
		91AE11AD20B3D6EB00C0A878 /* Frameworks */ = {
			isa = PBXFrameworksBuildPhase;
			buildActionMask = 2147483647;
			files = (
				F6738049BA0B29968A9F92FB /* Pods_BuyCoins.framework in Frameworks */,
			);
			runOnlyForDeploymentPostprocessing = 0;
		};
/* End PBXFrameworksBuildPhase section */

/* Begin PBXGroup section */
		910C393220D150B900CC3DE7 /* Wallet Scene */ = {
			isa = PBXGroup;
			children = (
				910C393420D150F900CC3DE7 /* WalletPagerCell */,
				910C393020D14F2F00CC3DE7 /* WalletViewController.swift */,
				910A806420D28ED200A63C9F /* WalletTransactionCell.swift */,
			);
			path = "Wallet Scene";
			sourceTree = "<group>";
		};
		910C393320D150CC00CC3DE7 /* Overview Scene */ = {
			isa = PBXGroup;
			children = (
				915385E020BD648200F1488C /* OverviewViewController.swift */,
			);
			path = "Overview Scene";
			sourceTree = "<group>";
		};
		910C393420D150F900CC3DE7 /* WalletPagerCell */ = {
			isa = PBXGroup;
			children = (
				910C393520D1512400CC3DE7 /* WalletPagerCell.swift */,
				910C393720D1515700CC3DE7 /* WalletPagerCell.xib */,
			);
			path = WalletPagerCell;
			sourceTree = "<group>";
		};
		91165F5B20B566C0007F622D /* Networking */ = {
			isa = PBXGroup;
			children = (
				91C5B4FB20C1B9F900B97F32 /* API.swift */,
				91165F5720B5665C007F622D /* APIManager.swift */,
				91165F5920B566B9007F622D /* APIConstants.swift */,
				91165F5F20B56CDE007F622D /* Utilities.swift */,
			);
			path = Networking;
			sourceTree = "<group>";
		};
		91165F5C20B56910007F622D /* Model */ = {
			isa = PBXGroup;
			children = (
				91165F5D20B56929007F622D /* User.swift */,
				915CB64320B5C7630040C631 /* BCError.swift */,
			);
			path = Model;
			sourceTree = "<group>";
		};
		9127E12020B439C400CCC255 /* Supporting */ = {
			isa = PBXGroup;
			children = (
				91AE11C520B3E20A00C0A878 /* Fonts */,
				91AE11BA20B3D6EB00C0A878 /* Assets.xcassets */,
				9127E12320B43EC100CCC255 /* BCTextField.swift */,
				9127E12120B439E100CCC255 /* Extensions.swift */,
				91165F6120B572FB007F622D /* StringConstants.swift */,
			);
			path = Supporting;
			sourceTree = "<group>";
		};
		915385DF20BD644500F1488C /* Landing Scenes */ = {
			isa = PBXGroup;
			children = (
				91165F6320B83EAB007F622D /* Landing.storyboard */,
				910C393320D150CC00CC3DE7 /* Overview Scene */,
				910C393220D150B900CC3DE7 /* Wallet Scene */,
			);
			path = "Landing Scenes";
			sourceTree = "<group>";
		};
		915385E320BEDE8000F1488C /* GraphQL */ = {
			isa = PBXGroup;
			children = (
				91A089CB20BEECAE0077892D /* Dashboard.graphql */,
				910A806620D2A6AB00A63C9F /* WalletLanding.graphql */,
			);
			path = GraphQL;
			sourceTree = "<group>";
		};
		915AFB1720B55AB200052D7B /* Auth Scenes */ = {
			isa = PBXGroup;
			children = (
				91AE11B520B3D6EB00C0A878 /* SignUpViewController.swift */,
				9127E11E20B433EC00CCC255 /* SignInViewController.swift */,
				915CB64120B5B4CB0040C631 /* VerifyViewController.swift */,
			);
			path = "Auth Scenes";
			sourceTree = "<group>";
		};
		91AE11A720B3D6EB00C0A878 = {
			isa = PBXGroup;
			children = (
				91AE11B220B3D6EB00C0A878 /* BuyCoins */,
				91AE11B120B3D6EB00C0A878 /* Products */,
				F5E781A6A909CDFB56612518 /* Pods */,
				E54B485C1496FA5C752F3B82 /* Frameworks */,
			);
			sourceTree = "<group>";
		};
		91AE11B120B3D6EB00C0A878 /* Products */ = {
			isa = PBXGroup;
			children = (
				91AE11B020B3D6EB00C0A878 /* BuyCoins.app */,
			);
			name = Products;
			sourceTree = "<group>";
		};
		91AE11B220B3D6EB00C0A878 /* BuyCoins */ = {
			isa = PBXGroup;
			children = (
				91AE11B320B3D6EB00C0A878 /* AppDelegate.swift */,
				91AE11B720B3D6EB00C0A878 /* Main.storyboard */,
				915385E420BEDEDF00F1488C /* schema.json */,
				915AFB1720B55AB200052D7B /* Auth Scenes */,
				915385E320BEDE8000F1488C /* GraphQL */,
				915385DF20BD644500F1488C /* Landing Scenes */,
				91165F5C20B56910007F622D /* Model */,
				91165F5B20B566C0007F622D /* Networking */,
				9127E12020B439C400CCC255 /* Supporting */,
				91AE11BC20B3D6EB00C0A878 /* LaunchScreen.storyboard */,
				91AE11BF20B3D6EB00C0A878 /* Info.plist */,
			);
			path = BuyCoins;
			sourceTree = "<group>";
		};
		91AE11C520B3E20A00C0A878 /* Fonts */ = {
			isa = PBXGroup;
			children = (
				91AE11C820B3E22200C0A878 /* Graphik-Bold.ttf */,
				91AE11C920B3E22200C0A878 /* Graphik-Light.ttf */,
				91AE11C720B3E22200C0A878 /* Graphik-Medium.ttf */,
				91AE11C620B3E22200C0A878 /* Graphik-Regular.ttf */,
			);
			path = Fonts;
			sourceTree = "<group>";
		};
		E54B485C1496FA5C752F3B82 /* Frameworks */ = {
			isa = PBXGroup;
			children = (
				432524BB77D5DA2FA7C4C523 /* Pods_BuyCoins.framework */,
			);
			name = Frameworks;
			sourceTree = "<group>";
		};
		F5E781A6A909CDFB56612518 /* Pods */ = {
			isa = PBXGroup;
			children = (
				D0578187E3BBE2DE89A5BA27 /* Pods-BuyCoins.debug.xcconfig */,
				9394A79757EECDBF4249DE2F /* Pods-BuyCoins.release.xcconfig */,
			);
			name = Pods;
			sourceTree = "<group>";
		};
/* End PBXGroup section */

/* Begin PBXNativeTarget section */
		91AE11AF20B3D6EB00C0A878 /* BuyCoins */ = {
			isa = PBXNativeTarget;
			buildConfigurationList = 91AE11C220B3D6EB00C0A878 /* Build configuration list for PBXNativeTarget "BuyCoins" */;
			buildPhases = (
				1BB0A7932E72994F65132D90 /* [CP] Check Pods Manifest.lock */,
				915385E220BEDAA200F1488C /* Generate Apollo GraphQL API */,
				91AE11AC20B3D6EB00C0A878 /* Sources */,
				91AE11AD20B3D6EB00C0A878 /* Frameworks */,
				91AE11AE20B3D6EB00C0A878 /* Resources */,
				C30520CB6DB524F8F04E6084 /* [CP] Embed Pods Frameworks */,
			);
			buildRules = (
			);
			dependencies = (
			);
			name = BuyCoins;
			productName = BuyCoins;
			productReference = 91AE11B020B3D6EB00C0A878 /* BuyCoins.app */;
			productType = "com.apple.product-type.application";
		};
/* End PBXNativeTarget section */

/* Begin PBXProject section */
		91AE11A820B3D6EB00C0A878 /* Project object */ = {
			isa = PBXProject;
			attributes = {
				LastSwiftUpdateCheck = 0930;
				LastUpgradeCheck = 0930;
				ORGANIZATIONNAME = bitkoin;
				TargetAttributes = {
					91AE11AF20B3D6EB00C0A878 = {
						CreatedOnToolsVersion = 9.3.1;
					};
				};
			};
			buildConfigurationList = 91AE11AB20B3D6EB00C0A878 /* Build configuration list for PBXProject "BuyCoins" */;
			compatibilityVersion = "Xcode 9.3";
			developmentRegion = en;
			hasScannedForEncodings = 0;
			knownRegions = (
				en,
				Base,
			);
			mainGroup = 91AE11A720B3D6EB00C0A878;
			productRefGroup = 91AE11B120B3D6EB00C0A878 /* Products */;
			projectDirPath = "";
			projectRoot = "";
			targets = (
				91AE11AF20B3D6EB00C0A878 /* BuyCoins */,
			);
		};
/* End PBXProject section */

/* Begin PBXResourcesBuildPhase section */
		91AE11AE20B3D6EB00C0A878 /* Resources */ = {
			isa = PBXResourcesBuildPhase;
			buildActionMask = 2147483647;
			files = (
				910A806720D2A6AB00A63C9F /* WalletLanding.graphql in Resources */,
				91AE11CA20B3E22200C0A878 /* Graphik-Regular.ttf in Resources */,
				915385E520BEDEDF00F1488C /* schema.json in Resources */,
				91AE11CD20B3E22200C0A878 /* Graphik-Light.ttf in Resources */,
				91AE11CB20B3E22200C0A878 /* Graphik-Medium.ttf in Resources */,
				91AE11BE20B3D6EB00C0A878 /* LaunchScreen.storyboard in Resources */,
				910C393820D1515700CC3DE7 /* WalletPagerCell.xib in Resources */,
				91AE11BB20B3D6EB00C0A878 /* Assets.xcassets in Resources */,
				91AE11CC20B3E22200C0A878 /* Graphik-Bold.ttf in Resources */,
				91165F6420B83EAB007F622D /* Landing.storyboard in Resources */,
				91A089CC20BEECAE0077892D /* Dashboard.graphql in Resources */,
				91AE11B920B3D6EB00C0A878 /* Main.storyboard in Resources */,
			);
			runOnlyForDeploymentPostprocessing = 0;
		};
/* End PBXResourcesBuildPhase section */

/* Begin PBXShellScriptBuildPhase section */
		1BB0A7932E72994F65132D90 /* [CP] Check Pods Manifest.lock */ = {
			isa = PBXShellScriptBuildPhase;
			buildActionMask = 2147483647;
			files = (
			);
			inputPaths = (
				"${PODS_PODFILE_DIR_PATH}/Podfile.lock",
				"${PODS_ROOT}/Manifest.lock",
			);
			name = "[CP] Check Pods Manifest.lock";
			outputPaths = (
				"$(DERIVED_FILE_DIR)/Pods-BuyCoins-checkManifestLockResult.txt",
			);
			runOnlyForDeploymentPostprocessing = 0;
			shellPath = /bin/sh;
			shellScript = "diff \"${PODS_PODFILE_DIR_PATH}/Podfile.lock\" \"${PODS_ROOT}/Manifest.lock\" > /dev/null\nif [ $? != 0 ] ; then\n    # print error to STDERR\n    echo \"error: The sandbox is not in sync with the Podfile.lock. Run 'pod install' or update your CocoaPods installation.\" >&2\n    exit 1\nfi\n# This output is used by Xcode 'outputs' to avoid re-running this script phase.\necho \"SUCCESS\" > \"${SCRIPT_OUTPUT_FILE_0}\"\n";
			showEnvVarsInLog = 0;
		};
		915385E220BEDAA200F1488C /* Generate Apollo GraphQL API */ = {
			isa = PBXShellScriptBuildPhase;
			buildActionMask = 2147483647;
			files = (
			);
			inputPaths = (
			);
			name = "Generate Apollo GraphQL API";
			outputPaths = (
			);
			runOnlyForDeploymentPostprocessing = 0;
			shellPath = /bin/sh;
			shellScript = "APOLLO_FRAMEWORK_PATH=\"$(eval find $FRAMEWORK_SEARCH_PATHS -name \"Apollo.framework\" -maxdepth 1)\"\n\nif [ -z \"$APOLLO_FRAMEWORK_PATH\" ]; then\necho \"error: Couldn't find Apollo.framework in FRAMEWORK_SEARCH_PATHS; make sure to add the framework to your project.\"\nexit 1\nfi\n\ncd \"${SRCROOT}/${TARGET_NAME}\"\n$APOLLO_FRAMEWORK_PATH/check-and-run-apollo-codegen.sh generate $(find . -name '*.graphql') --schema schema.json --output API.swiftAPOLLO_FRAMEWORK_PATH=\"$(eval find $FRAMEWORK_SEARCH_PATHS -name \"Apollo.framework\" -maxdepth 1)\"\n\nif [ -z \"$APOLLO_FRAMEWORK_PATH\" ]; then\necho \"error: Couldn't find Apollo.framework in FRAMEWORK_SEARCH_PATHS; make sure to add the framework to your project.\"\nexit 1\nfi\n\ncd \"${SRCROOT}/${TARGET_NAME}\"\n$APOLLO_FRAMEWORK_PATH/check-and-run-apollo-codegen.sh generate $(find . -name '*.graphql') --schema schema.json --output API.swift";
		};
		C30520CB6DB524F8F04E6084 /* [CP] Embed Pods Frameworks */ = {
			isa = PBXShellScriptBuildPhase;
			buildActionMask = 2147483647;
			files = (
			);
			inputPaths = (
				"${SRCROOT}/Pods/Target Support Files/Pods-BuyCoins/Pods-BuyCoins-frameworks.sh",
				"${BUILT_PRODUCTS_DIR}/Alamofire/Alamofire.framework",
				"${BUILT_PRODUCTS_DIR}/Apollo/Apollo.framework",
				"${BUILT_PRODUCTS_DIR}/Charts/Charts.framework",
				"${BUILT_PRODUCTS_DIR}/FSPagerView/FSPagerView.framework",
				"${BUILT_PRODUCTS_DIR}/IQKeyboardManagerSwift/IQKeyboardManagerSwift.framework",
				"${BUILT_PRODUCTS_DIR}/Locksmith/Locksmith.framework",
				"${BUILT_PRODUCTS_DIR}/Realm/Realm.framework",
				"${BUILT_PRODUCTS_DIR}/RealmSwift/RealmSwift.framework",
				"${BUILT_PRODUCTS_DIR}/SkyFloatingLabelTextField/SkyFloatingLabelTextField.framework",
				"${BUILT_PRODUCTS_DIR}/SwiftValidator/SwiftValidator.framework",
				"${BUILT_PRODUCTS_DIR}/SwiftyJSON/SwiftyJSON.framework",
			);
			name = "[CP] Embed Pods Frameworks";
			outputPaths = (
				"${TARGET_BUILD_DIR}/${FRAMEWORKS_FOLDER_PATH}/Alamofire.framework",
				"${TARGET_BUILD_DIR}/${FRAMEWORKS_FOLDER_PATH}/Apollo.framework",
				"${TARGET_BUILD_DIR}/${FRAMEWORKS_FOLDER_PATH}/Charts.framework",
				"${TARGET_BUILD_DIR}/${FRAMEWORKS_FOLDER_PATH}/FSPagerView.framework",
				"${TARGET_BUILD_DIR}/${FRAMEWORKS_FOLDER_PATH}/IQKeyboardManagerSwift.framework",
				"${TARGET_BUILD_DIR}/${FRAMEWORKS_FOLDER_PATH}/Locksmith.framework",
				"${TARGET_BUILD_DIR}/${FRAMEWORKS_FOLDER_PATH}/Realm.framework",
				"${TARGET_BUILD_DIR}/${FRAMEWORKS_FOLDER_PATH}/RealmSwift.framework",
				"${TARGET_BUILD_DIR}/${FRAMEWORKS_FOLDER_PATH}/SkyFloatingLabelTextField.framework",
				"${TARGET_BUILD_DIR}/${FRAMEWORKS_FOLDER_PATH}/SwiftValidator.framework",
				"${TARGET_BUILD_DIR}/${FRAMEWORKS_FOLDER_PATH}/SwiftyJSON.framework",
			);
			runOnlyForDeploymentPostprocessing = 0;
			shellPath = /bin/sh;
			shellScript = "\"${SRCROOT}/Pods/Target Support Files/Pods-BuyCoins/Pods-BuyCoins-frameworks.sh\"\n";
			showEnvVarsInLog = 0;
		};
/* End PBXShellScriptBuildPhase section */

/* Begin PBXSourcesBuildPhase section */
		91AE11AC20B3D6EB00C0A878 /* Sources */ = {
			isa = PBXSourcesBuildPhase;
			buildActionMask = 2147483647;
			files = (
				910A806520D28ED200A63C9F /* WalletTransactionCell.swift in Sources */,
				91165F5820B5665C007F622D /* APIManager.swift in Sources */,
				91165F5A20B566B9007F622D /* APIConstants.swift in Sources */,
				91AE11B620B3D6EB00C0A878 /* SignUpViewController.swift in Sources */,
				915CB64420B5C7630040C631 /* BCError.swift in Sources */,
				9127E12420B43EC100CCC255 /* BCTextField.swift in Sources */,
				91165F5E20B56929007F622D /* User.swift in Sources */,
				91C5B4FC20C1B9F900B97F32 /* API.swift in Sources */,
				91AE11B420B3D6EB00C0A878 /* AppDelegate.swift in Sources */,
				910C393620D1512400CC3DE7 /* WalletPagerCell.swift in Sources */,
				915385E120BD648200F1488C /* OverviewViewController.swift in Sources */,
				91165F6020B56CDE007F622D /* Utilities.swift in Sources */,
				9127E11F20B433EC00CCC255 /* SignInViewController.swift in Sources */,
				915CB64220B5B4CB0040C631 /* VerifyViewController.swift in Sources */,
				910C393120D14F2F00CC3DE7 /* WalletViewController.swift in Sources */,
				91165F6220B572FB007F622D /* StringConstants.swift in Sources */,
				9127E12220B439E100CCC255 /* Extensions.swift in Sources */,
			);
			runOnlyForDeploymentPostprocessing = 0;
		};
/* End PBXSourcesBuildPhase section */

/* Begin PBXVariantGroup section */
		91AE11B720B3D6EB00C0A878 /* Main.storyboard */ = {
			isa = PBXVariantGroup;
			children = (
				91AE11B820B3D6EB00C0A878 /* Base */,
			);
			name = Main.storyboard;
			sourceTree = "<group>";
		};
		91AE11BC20B3D6EB00C0A878 /* LaunchScreen.storyboard */ = {
			isa = PBXVariantGroup;
			children = (
				91AE11BD20B3D6EB00C0A878 /* Base */,
			);
			name = LaunchScreen.storyboard;
			sourceTree = "<group>";
		};
/* End PBXVariantGroup section */

/* Begin XCBuildConfiguration section */
		91AE11C020B3D6EB00C0A878 /* Debug */ = {
			isa = XCBuildConfiguration;
			buildSettings = {
				ALWAYS_SEARCH_USER_PATHS = NO;
				CLANG_ANALYZER_NONNULL = YES;
				CLANG_ANALYZER_NUMBER_OBJECT_CONVERSION = YES_AGGRESSIVE;
				CLANG_CXX_LANGUAGE_STANDARD = "gnu++14";
				CLANG_CXX_LIBRARY = "libc++";
				CLANG_ENABLE_MODULES = YES;
				CLANG_ENABLE_OBJC_ARC = YES;
				CLANG_ENABLE_OBJC_WEAK = YES;
				CLANG_WARN_BLOCK_CAPTURE_AUTORELEASING = YES;
				CLANG_WARN_BOOL_CONVERSION = YES;
				CLANG_WARN_COMMA = YES;
				CLANG_WARN_CONSTANT_CONVERSION = YES;
				CLANG_WARN_DEPRECATED_OBJC_IMPLEMENTATIONS = YES;
				CLANG_WARN_DIRECT_OBJC_ISA_USAGE = YES_ERROR;
				CLANG_WARN_DOCUMENTATION_COMMENTS = YES;
				CLANG_WARN_EMPTY_BODY = YES;
				CLANG_WARN_ENUM_CONVERSION = YES;
				CLANG_WARN_INFINITE_RECURSION = YES;
				CLANG_WARN_INT_CONVERSION = YES;
				CLANG_WARN_NON_LITERAL_NULL_CONVERSION = YES;
				CLANG_WARN_OBJC_IMPLICIT_RETAIN_SELF = YES;
				CLANG_WARN_OBJC_LITERAL_CONVERSION = YES;
				CLANG_WARN_OBJC_ROOT_CLASS = YES_ERROR;
				CLANG_WARN_RANGE_LOOP_ANALYSIS = YES;
				CLANG_WARN_STRICT_PROTOTYPES = YES;
				CLANG_WARN_SUSPICIOUS_MOVE = YES;
				CLANG_WARN_UNGUARDED_AVAILABILITY = YES_AGGRESSIVE;
				CLANG_WARN_UNREACHABLE_CODE = YES;
				CLANG_WARN__DUPLICATE_METHOD_MATCH = YES;
				CODE_SIGN_IDENTITY = "iPhone Developer";
				COPY_PHASE_STRIP = NO;
				DEBUG_INFORMATION_FORMAT = dwarf;
				ENABLE_STRICT_OBJC_MSGSEND = YES;
				ENABLE_TESTABILITY = YES;
				GCC_C_LANGUAGE_STANDARD = gnu11;
				GCC_DYNAMIC_NO_PIC = NO;
				GCC_NO_COMMON_BLOCKS = YES;
				GCC_OPTIMIZATION_LEVEL = 0;
				GCC_PREPROCESSOR_DEFINITIONS = (
					"DEBUG=1",
					"$(inherited)",
				);
				GCC_WARN_64_TO_32_BIT_CONVERSION = YES;
				GCC_WARN_ABOUT_RETURN_TYPE = YES_ERROR;
				GCC_WARN_UNDECLARED_SELECTOR = YES;
				GCC_WARN_UNINITIALIZED_AUTOS = YES_AGGRESSIVE;
				GCC_WARN_UNUSED_FUNCTION = YES;
				GCC_WARN_UNUSED_VARIABLE = YES;
				IPHONEOS_DEPLOYMENT_TARGET = 11.3;
				MTL_ENABLE_DEBUG_INFO = YES;
				ONLY_ACTIVE_ARCH = YES;
				SDKROOT = iphoneos;
				SWIFT_ACTIVE_COMPILATION_CONDITIONS = DEBUG;
				SWIFT_OPTIMIZATION_LEVEL = "-Onone";
			};
			name = Debug;
		};
		91AE11C120B3D6EB00C0A878 /* Release */ = {
			isa = XCBuildConfiguration;
			buildSettings = {
				ALWAYS_SEARCH_USER_PATHS = NO;
				CLANG_ANALYZER_NONNULL = YES;
				CLANG_ANALYZER_NUMBER_OBJECT_CONVERSION = YES_AGGRESSIVE;
				CLANG_CXX_LANGUAGE_STANDARD = "gnu++14";
				CLANG_CXX_LIBRARY = "libc++";
				CLANG_ENABLE_MODULES = YES;
				CLANG_ENABLE_OBJC_ARC = YES;
				CLANG_ENABLE_OBJC_WEAK = YES;
				CLANG_WARN_BLOCK_CAPTURE_AUTORELEASING = YES;
				CLANG_WARN_BOOL_CONVERSION = YES;
				CLANG_WARN_COMMA = YES;
				CLANG_WARN_CONSTANT_CONVERSION = YES;
				CLANG_WARN_DEPRECATED_OBJC_IMPLEMENTATIONS = YES;
				CLANG_WARN_DIRECT_OBJC_ISA_USAGE = YES_ERROR;
				CLANG_WARN_DOCUMENTATION_COMMENTS = YES;
				CLANG_WARN_EMPTY_BODY = YES;
				CLANG_WARN_ENUM_CONVERSION = YES;
				CLANG_WARN_INFINITE_RECURSION = YES;
				CLANG_WARN_INT_CONVERSION = YES;
				CLANG_WARN_NON_LITERAL_NULL_CONVERSION = YES;
				CLANG_WARN_OBJC_IMPLICIT_RETAIN_SELF = YES;
				CLANG_WARN_OBJC_LITERAL_CONVERSION = YES;
				CLANG_WARN_OBJC_ROOT_CLASS = YES_ERROR;
				CLANG_WARN_RANGE_LOOP_ANALYSIS = YES;
				CLANG_WARN_STRICT_PROTOTYPES = YES;
				CLANG_WARN_SUSPICIOUS_MOVE = YES;
				CLANG_WARN_UNGUARDED_AVAILABILITY = YES_AGGRESSIVE;
				CLANG_WARN_UNREACHABLE_CODE = YES;
				CLANG_WARN__DUPLICATE_METHOD_MATCH = YES;
				CODE_SIGN_IDENTITY = "iPhone Developer";
				COPY_PHASE_STRIP = NO;
				DEBUG_INFORMATION_FORMAT = "dwarf-with-dsym";
				ENABLE_NS_ASSERTIONS = NO;
				ENABLE_STRICT_OBJC_MSGSEND = YES;
				GCC_C_LANGUAGE_STANDARD = gnu11;
				GCC_NO_COMMON_BLOCKS = YES;
				GCC_WARN_64_TO_32_BIT_CONVERSION = YES;
				GCC_WARN_ABOUT_RETURN_TYPE = YES_ERROR;
				GCC_WARN_UNDECLARED_SELECTOR = YES;
				GCC_WARN_UNINITIALIZED_AUTOS = YES_AGGRESSIVE;
				GCC_WARN_UNUSED_FUNCTION = YES;
				GCC_WARN_UNUSED_VARIABLE = YES;
				IPHONEOS_DEPLOYMENT_TARGET = 11.3;
				MTL_ENABLE_DEBUG_INFO = NO;
				SDKROOT = iphoneos;
				SWIFT_COMPILATION_MODE = wholemodule;
				SWIFT_OPTIMIZATION_LEVEL = "-O";
				VALIDATE_PRODUCT = YES;
			};
			name = Release;
		};
		91AE11C320B3D6EB00C0A878 /* Debug */ = {
			isa = XCBuildConfiguration;
			baseConfigurationReference = D0578187E3BBE2DE89A5BA27 /* Pods-BuyCoins.debug.xcconfig */;
			buildSettings = {
				ASSETCATALOG_COMPILER_APPICON_NAME = AppIcon;
				CODE_SIGN_IDENTITY = "iPhone Developer";
				CODE_SIGN_STYLE = Automatic;
				DEVELOPMENT_TEAM = L785KJVG3Z;
				INFOPLIST_FILE = BuyCoins/Info.plist;
				LD_RUNPATH_SEARCH_PATHS = (
					"$(inherited)",
					"@executable_path/Frameworks",
				);
				PRODUCT_BUNDLE_IDENTIFIER = com.bitkoin.buycoinsss;
				PRODUCT_NAME = "$(TARGET_NAME)";
				PROVISIONING_PROFILE_SPECIFIER = "";
				SWIFT_VERSION = 4.0;
				TARGETED_DEVICE_FAMILY = "1,2";
			};
			name = Debug;
		};
		91AE11C420B3D6EB00C0A878 /* Release */ = {
			isa = XCBuildConfiguration;
			baseConfigurationReference = 9394A79757EECDBF4249DE2F /* Pods-BuyCoins.release.xcconfig */;
			buildSettings = {
				ASSETCATALOG_COMPILER_APPICON_NAME = AppIcon;
				CODE_SIGN_IDENTITY = "iPhone Developer";
				CODE_SIGN_STYLE = Automatic;
				DEVELOPMENT_TEAM = L785KJVG3Z;
				INFOPLIST_FILE = BuyCoins/Info.plist;
				LD_RUNPATH_SEARCH_PATHS = (
					"$(inherited)",
					"@executable_path/Frameworks",
				);
				PRODUCT_BUNDLE_IDENTIFIER = com.bitkoin.buycoinsss;
				PRODUCT_NAME = "$(TARGET_NAME)";
				PROVISIONING_PROFILE_SPECIFIER = "";
				SWIFT_VERSION = 4.0;
				TARGETED_DEVICE_FAMILY = "1,2";
			};
			name = Release;
		};
/* End XCBuildConfiguration section */

/* Begin XCConfigurationList section */
		91AE11AB20B3D6EB00C0A878 /* Build configuration list for PBXProject "BuyCoins" */ = {
			isa = XCConfigurationList;
			buildConfigurations = (
				91AE11C020B3D6EB00C0A878 /* Debug */,
				91AE11C120B3D6EB00C0A878 /* Release */,
			);
			defaultConfigurationIsVisible = 0;
			defaultConfigurationName = Release;
		};
		91AE11C220B3D6EB00C0A878 /* Build configuration list for PBXNativeTarget "BuyCoins" */ = {
			isa = XCConfigurationList;
			buildConfigurations = (
				91AE11C320B3D6EB00C0A878 /* Debug */,
				91AE11C420B3D6EB00C0A878 /* Release */,
			);
			defaultConfigurationIsVisible = 0;
			defaultConfigurationName = Release;
		};
/* End XCConfigurationList section */
	};
	rootObject = 91AE11A820B3D6EB00C0A878 /* Project object */;
}
